
Microsoft Visual Studio Solution File, Format Version 12.00
# Visual Studio 2012
Project("{FAE04EC0-301F-11D3-BF4B-00C04F79EFBC}") = "SecureDesktop", "SecureDesktop\SecureDesktop.csproj", "{A7E209DE-644A-400F-A850-ACCA69B11617}"
EndProject
Project("{FAE04EC0-301F-11D3-BF4B-00C04F79EFBC}") = "Cleanup-CLI", "Cleanup-CLI\Cleanup-CLI.csproj", "{09C006F9-0B28-4471-B885-0CCFA520E669}"
EndProject
Project("{FAE04EC0-301F-11D3-BF4B-00C04F79EFBC}") = "Cleanup", "Cleanup\Cleanup.csproj", "{3513ACFD-8BAE-4478-B008-F6B6C53AECCA}"
EndProject
Project("{FAE04EC0-301F-11D3-BF4B-00C04F79EFBC}") = "SecureDesktop-GUI", "SecureDesktop-GUI\SecureDesktop-GUI.csproj", "{CA49A876-4B2E-4C72-A1F2-9107B0D90B3B}"
EndProject
Global
	GlobalSection(SolutionConfigurationPlatforms) = preSolution
		Debug|Any CPU = Debug|Any CPU
		Release|Any CPU = Release|Any CPU
	EndGlobalSection
	GlobalSection(ProjectConfigurationPlatforms) = postSolution
		{A7E209DE-644A-400F-A850-ACCA69B11617}.Debug|Any CPU.ActiveCfg = Debug|Any CPU
		{A7E209DE-644A-400F-A850-ACCA69B11617}.Debug|Any CPU.Build.0 = Debug|Any CPU
		{A7E209DE-644A-400F-A850-ACCA69B11617}.Release|Any CPU.ActiveCfg = Release|Any CPU
		{A7E209DE-644A-400F-A850-ACCA69B11617}.Release|Any CPU.Build.0 = Release|Any CPU
		{09C006F9-0B28-4471-B885-0CCFA520E669}.Debug|Any CPU.ActiveCfg = Debug|Any CPU
		{09C006F9-0B28-4471-B885-0CCFA520E669}.Debug|Any CPU.Build.0 = Debug|Any CPU
		{09C006F9-0B28-4471-B885-0CCFA520E669}.Release|Any CPU.ActiveCfg = Release|Any CPU
		{09C006F9-0B28-4471-B885-0CCFA520E669}.Release|Any CPU.Build.0 = Release|Any CPU
		{3513ACFD-8BAE-4478-B008-F6B6C53AECCA}.Debug|Any CPU.ActiveCfg = Debug|Any CPU
		{3513ACFD-8BAE-4478-B008-F6B6C53AECCA}.Debug|Any CPU.Build.0 = Debug|Any CPU
		{3513ACFD-8BAE-4478-B008-F6B6C53AECCA}.Release|Any CPU.ActiveCfg = Release|Any CPU
		{3513ACFD-8BAE-4478-B008-F6B6C53AECCA}.Release|Any CPU.Build.0 = Release|Any CPU
		{CA49A876-4B2E-4C72-A1F2-9107B0D90B3B}.Debug|Any CPU.ActiveCfg = Debug|Any CPU
		{CA49A876-4B2E-4C72-A1F2-9107B0D90B3B}.Debug|Any CPU.Build.0 = Debug|Any CPU
		{CA49A876-4B2E-4C72-A1F2-9107B0D90B3B}.Release|Any CPU.ActiveCfg = Release|Any CPU
		{CA49A876-4B2E-4C72-A1F2-9107B0D90B3B}.Release|Any CPU.Build.0 = Release|Any CPU
	EndGlobalSection
	GlobalSection(SolutionProperties) = preSolution
		HideSolutionNode = FALSE
	EndGlobalSection
EndGlobal
